github.com/DataDog/zstd v1.4.8 h1:Rpmta4xZ/MgZnriKNd24iZMhGpP5dvUcs/uqfBapKZY=
github.com/DataDog/zstd v1.4.8/go.mod h1:g4AWEaM3yOg3HYfnJ3YIawPnVdXJh9QME85blwSAmyw=
github.com/cavaliergopher/cpio v1.0.1 h1:KQFSeKmZhv0cr+kawA3a0xTQCU4QxXF1vhU7P7av2KM=
github.com/cavaliergopher/cpio v1.0.1/go.mod h1:pBdaqQjnvXxdS/6CvNDwIANIFSP0xRKI16PX4xejRQc=
github.com/cavaliergopher/rpm v1.2.0 h1:s0h+QeVK252QFTolkhGiMeQ1f+tMeIMhGl8B1HUmGUc=
github.com/cavaliergopher/rpm v1.2.0/go.mod h1:R0q3vTqa7RUvPofAZYrnjJ63hh2vngjFfphuXiExVos=
github.com/dustin/go-humanize v1.0.1 h1:GzkhY7T5VNhEkwH0PVJgjz+fX1rhBrR7pRT3mDkpeCY=
github.com/dustin/go-humanize v1.0.1/go.mod h1:Mu1zIs6XwVuF/gI1OepvI0qD18qycQx+mFykh5fBlto=
github.com/kjk/lzma v0.0.0-20161016003348-3fd93898850d h1:RnWZeH8N8KXfbwMTex/KKMYMj0FJRCF6tQubUuQ02GM=
github.com/kjk/lzma v0.0.0-20161016003348-3fd93898850d/go.mod h1:phT/jsRPBAEqjAibu1BurrabCBNTYiVI+zbmyCZJY6Q=
github.com/therootcompany/xz v1.0.1 h1:CmOtsn1CbtmyYiusbfmhmkpAAETj0wBIH6kCYaX+xzw=
github.com/therootcompany/xz v1.0.1/go.mod h1:3K3UH1yCKgBneZYhuQUvJ9HPD19UEXEI0BWbMn8qNMY=
github.com/xi2/xz v0.0.0-20171230120015-48954b6210f8 h1:nIPpBwaJSVYIxUFsDv3M8ofmx9yWTog9BfvIu0q41lo=
github.com/xi2/xz v0.0.0-20171230120015-48954b6210f8/go.mod h1:HUYIGzjTL3rfEspMxjDjgmT5uz5wzYJKVo23qUhYTos=
golang.org/x/crypto v0.0.0-20190308221718-c2843e01d9a2/go.mod h1:djNgcEr1/C05ACkg1iLfiJU5Ep61QUkGW8qpdssI0+w=
golang.org/x/crypto v0.0.0-20201016220609-9e8e0b390897/go.mod h1:LzIPMQfyMNhhGPhUkYOs5KpL4U8rLKemX1yGLhDgUto=
golang.org/x/crypto v0.31.0 h1:ihbySMvVjLAeSH1IbfcRTkD/iNscyz8rGzjF/E5hV6U=
golang.org/x/crypto v0.31.0/go.mod h1:kDsLvtWBEx7MV9tJOj9bnXsPbxwJQ6csT/x4KIN4Ssk=
golang.org/x/exp v0.0.0-20230203172020-98cc5a0785f9 h1:frX3nT9RkKybPnjyI+yvZh6ZucTZatCCEm9D47sZ2zo=
golang.org/x/exp v0.0.0-20230203172020-98cc5a0785f9/go.mod h1:CxIveKay+FTh1D0yPZemJVgC/95VzuuOLq5Qi4xnoYc=
golang.org/x/net v0.0.0-20190404232315-eb5bcb51f2a3/go.mod h1:t9HGtf8HONx5eT2rtn7q6eTqICYqUVnKs3thJo3Qplg=
golang.org/x/sync v0.1.0 h1:wsuoTGHzEhffawBOhz5CYhcrV4IdKZbEyZjBMuTp12o=
golang.org/x/sync v0.1.0/go.mod h1:RxMgew5VJxzue5/jJTE5uejpjVlOe/izrB70Jof72aM=
golang.org/x/sys v0.0.0-20190215142949-d0b11bdaac8a/go.mod h1:STP8DvDyc/dI5b8T5hshtkjS+E42TnysNCUPdjciGhY=
golang.org/x/sys v0.0.0-20190412213103-97732733099d/go.mod h1:h1NjWce9XRLGQEsW7wpKNCjG9DtNlClVuFLEZdDNbEs=
golang.org/x/text v0.3.0/go.mod h1:NqM8EUOU14njkJ3fqMW+pc6Ldnwhi/IjpwHt7yyuwOQ=
pault.ag/go/debian v0.12.0 h1:b8ctSdBSGJ98NE1VLn06aSx70EUpczlP2qqSHEiYYJA=
pault.ag/go/debian v0.12.0/go.mod h1:UbnMr3z/KZepjq7VzbYgBEfz8j4+Pyrm2L5X1fzhy/k=
pault.ag/go/topsort v0.0.0-20160530003732-f98d2ad46e1a h1:WwS7vlB5H2AtwKj1jsGwp2ZLud1x6WXRXh2fXsRqrcA=
pault.ag/go/topsort v0.0.0-20160530003732-f98d2ad46e1a/go.mod h1:INqx0ClF7kmPAMk2zVTX8DRnhZ/yaA/Mg52g8KFKE7k=
